
Microsoft Visual Studio Solution File, Format Version 12.00
# Visual Studio Version 17
VisualStudioVersion = 17.14.37027.9
MinimumVisualStudioVersion = 10.0.40219.1
Project("{2150E333-8FDC-42A3-9474-1A3956D46DE8}") = "1 - Presentation", "1 - Presentation", "{D2C460CD-1A41-4EEA-A3B7-D325FAC6919D}"
EndProject
Project("{2150E333-8FDC-42A3-9474-1A3956D46DE8}") = "2 - Application", "2 - Application", "{A233E5C5-CFD8-496C-B706-81784BC6C32D}"
EndProject
Project("{2150E333-8FDC-42A3-9474-1A3956D46DE8}") = "3 - Domain", "3 - Domain", "{6D52A500-B085-4C0E-8826-D8C404E5BCFF}"
EndProject
Project("{2150E333-8FDC-42A3-9474-1A3956D46DE8}") = "4 - Infrastructure", "4 - Infrastructure", "{D0903CCD-BB51-4C27-811E-673E8C2B2872}"
EndProject
Project("{FAE04EC0-301F-11D3-BF4B-00C04F79EFBC}") = "EcommerceCandyHill.API", "EcommerceCandyHill.API\EcommerceCandyHill.API.csproj", "{CF7CC39A-FAB5-66F5-56A7-3FE8AB530BAD}"
EndProject
Project("{FAE04EC0-301F-11D3-BF4B-00C04F79EFBC}") = "EcommerceCandyHill.Tests", "EcommerceCandyHill.Tests\EcommerceCandyHill.Tests.csproj", "{33FAA903-26AD-4080-809C-C628951CA634}"
EndProject
Project("{FAE04EC0-301F-11D3-BF4B-00C04F79EFBC}") = "EcommerceCandyHill.Application", "EcommerceCandyHill.Application\EcommerceCandyHill.Application.csproj", "{66D14F81-80A6-BA2A-00C1-1AEACE75F2AB}"
EndProject
Project("{FAE04EC0-301F-11D3-BF4B-00C04F79EFBC}") = "EcommerceCandyHill.Domain", "EcommerceCandyHill.Domain\EcommerceCandyHill.Domain.csproj", "{3AF40262-4DD7-C2A1-0CCC-E7FCCAA396B9}"
EndProject
Project("{FAE04EC0-301F-11D3-BF4B-00C04F79EFBC}") = "EcommerceCandyHill.Infra.Data", "EcommerceCandyHill.Infra.Data\EcommerceCandyHill.Infra.Data.csproj", "{E0C18430-F9B1-F2FD-C593-20E28482C168}"
EndProject
Global
	GlobalSection(SolutionConfigurationPlatforms) = preSolution
		Debug|Any CPU = Debug|Any CPU
		Release|Any CPU = Release|Any CPU
	EndGlobalSection
	GlobalSection(ProjectConfigurationPlatforms) = postSolution
		{CF7CC39A-FAB5-66F5-56A7-3FE8AB530BAD}.Debug|Any CPU.ActiveCfg = Debug|Any CPU
		{CF7CC39A-FAB5-66F5-56A7-3FE8AB530BAD}.Debug|Any CPU.Build.0 = Debug|Any CPU
		{CF7CC39A-FAB5-66F5-56A7-3FE8AB530BAD}.Release|Any CPU.ActiveCfg = Release|Any CPU
		{CF7CC39A-FAB5-66F5-56A7-3FE8AB530BAD}.Release|Any CPU.Build.0 = Release|Any CPU
		{33FAA903-26AD-4080-809C-C628951CA634}.Debug|Any CPU.ActiveCfg = Debug|Any CPU
		{33FAA903-26AD-4080-809C-C628951CA634}.Debug|Any CPU.Build.0 = Debug|Any CPU
		{33FAA903-26AD-4080-809C-C628951CA634}.Release|Any CPU.ActiveCfg = Release|Any CPU
		{33FAA903-26AD-4080-809C-C628951CA634}.Release|Any CPU.Build.0 = Release|Any CPU
		{66D14F81-80A6-BA2A-00C1-1AEACE75F2AB}.Debug|Any CPU.ActiveCfg = Debug|Any CPU
		{66D14F81-80A6-BA2A-00C1-1AEACE75F2AB}.Debug|Any CPU.Build.0 = Debug|Any CPU
		{66D14F81-80A6-BA2A-00C1-1AEACE75F2AB}.Release|Any CPU.ActiveCfg = Release|Any CPU
		{66D14F81-80A6-BA2A-00C1-1AEACE75F2AB}.Release|Any CPU.Build.0 = Release|Any CPU
		{3AF40262-4DD7-C2A1-0CCC-E7FCCAA396B9}.Debug|Any CPU.ActiveCfg = Debug|Any CPU
		{3AF40262-4DD7-C2A1-0CCC-E7FCCAA396B9}.Debug|Any CPU.Build.0 = Debug|Any CPU
		{3AF40262-4DD7-C2A1-0CCC-E7FCCAA396B9}.Release|Any CPU.ActiveCfg = Release|Any CPU
		{3AF40262-4DD7-C2A1-0CCC-E7FCCAA396B9}.Release|Any CPU.Build.0 = Release|Any CPU
		{E0C18430-F9B1-F2FD-C593-20E28482C168}.Debug|Any CPU.ActiveCfg = Debug|Any CPU
		{E0C18430-F9B1-F2FD-C593-20E28482C168}.Debug|Any CPU.Build.0 = Debug|Any CPU
		{E0C18430-F9B1-F2FD-C593-20E28482C168}.Release|Any CPU.ActiveCfg = Release|Any CPU
		{E0C18430-F9B1-F2FD-C593-20E28482C168}.Release|Any CPU.Build.0 = Release|Any CPU
	EndGlobalSection
	GlobalSection(SolutionProperties) = preSolution
		HideSolutionNode = FALSE
	EndGlobalSection
	GlobalSection(NestedProjects) = preSolution
		{CF7CC39A-FAB5-66F5-56A7-3FE8AB530BAD} = {D2C460CD-1A41-4EEA-A3B7-D325FAC6919D}
		{66D14F81-80A6-BA2A-00C1-1AEACE75F2AB} = {A233E5C5-CFD8-496C-B706-81784BC6C32D}
		{3AF40262-4DD7-C2A1-0CCC-E7FCCAA396B9} = {6D52A500-B085-4C0E-8826-D8C404E5BCFF}
		{E0C18430-F9B1-F2FD-C593-20E28482C168} = {D0903CCD-BB51-4C27-811E-673E8C2B2872}
	EndGlobalSection
	GlobalSection(ExtensibilityGlobals) = postSolution
		SolutionGuid = {D9F84D92-C4D7-413F-8165-D35EBAD9A6FD}
	EndGlobalSection
EndGlobal
